// !$*UTF8*$!
{
	archiveVersion = 1;
	classes = {
	};
	objectVersion = 46;
	objects = {

/* Begin PBXBuildFile section */
		FA011E551C8B3B30001812CC /* AppDelegate.swift in Sources */ = {isa = PBXBuildFile; fileRef = FA011E541C8B3B30001812CC /* AppDelegate.swift */; };
		FA011E571C8B3B30001812CC /* lightBluViewController.swift in Sources */ = {isa = PBXBuildFile; fileRef = FA011E561C8B3B30001812CC /* lightBluViewController.swift */; };
		FA011E5A1C8B3B30001812CC /* Main.storyboard in Resources */ = {isa = PBXBuildFile; fileRef = FA011E581C8B3B30001812CC /* Main.storyboard */; };
		FA011E5C1C8B3B30001812CC /* Images.xcassets in Resources */ = {isa = PBXBuildFile; fileRef = FA011E5B1C8B3B30001812CC /* Images.xcassets */; };
		FA011E5F1C8B3B30001812CC /* LaunchScreen.xib in Resources */ = {isa = PBXBuildFile; fileRef = FA011E5D1C8B3B30001812CC /* LaunchScreen.xib */; };
		FA011E6B1C8B3B30001812CC /* Project_3Tests.swift in Sources */ = {isa = PBXBuildFile; fileRef = FA011E6A1C8B3B30001812CC /* Project_3Tests.swift */; };
		FA32939A1C952AD60029CFCC /* badSound.mp3 in Resources */ = {isa = PBXBuildFile; fileRef = FA3293991C952AD60029CFCC /* badSound.mp3 */; };
		FA32939C1C952AE30029CFCC /* goodSound.mp3 in Resources */ = {isa = PBXBuildFile; fileRef = FA32939B1C952AE30029CFCC /* goodSound.mp3 */; };
		FA32939E1C952AEE0029CFCC /* neutralOne.mp3 in Resources */ = {isa = PBXBuildFile; fileRef = FA32939D1C952AEE0029CFCC /* neutralOne.mp3 */; };
		FA3293A01C952BB50029CFCC /* neurtalTwo.mp3 in Resources */ = {isa = PBXBuildFile; fileRef = FA32939F1C952BB50029CFCC /* neurtalTwo.mp3 */; };
		FA8B1E211C93DED90099073E /* handdown.png in Resources */ = {isa = PBXBuildFile; fileRef = FA8B1E201C93DED90099073E /* handdown.png */; };
		FA8B1E231C93DEE80099073E /* carbs.png in Resources */ = {isa = PBXBuildFile; fileRef = FA8B1E221C93DEE80099073E /* carbs.png */; };
		FA8F41791C928D8A0064DBEB /* yellViewController.swift in Sources */ = {isa = PBXBuildFile; fileRef = FA8F41781C928D8A0064DBEB /* yellViewController.swift */; };
		FA8F417B1C928DED0064DBEB /* lightRedViewController.swift in Sources */ = {isa = PBXBuildFile; fileRef = FA8F417A1C928DED0064DBEB /* lightRedViewController.swift */; };
		FABA8E371C9CFA8F00B82249 /* health.png in Resources */ = {isa = PBXBuildFile; fileRef = FABA8E361C9CFA8F00B82249 /* health.png */; };
		FABA8E3F1C9D0CEE00B82249 /* carbo.png in Resources */ = {isa = PBXBuildFile; fileRef = FABA8E3E1C9D0CEE00B82249 /* carbo.png */; };
		FABA8E411C9D0D0700B82249 /* info.png in Resources */ = {isa = PBXBuildFile; fileRef = FABA8E401C9D0D0700B82249 /* info.png */; };
		FAC0742A1C952F6B00FBFDED /* AVFoundation.framework in Frameworks */ = {isa = PBXBuildFile; fileRef = FAC074291C952F6B00FBFDED /* AVFoundation.framework */; };
		FACA75961C9B437E00411D4F /* carb.png in Resources */ = {isa = PBXBuildFile; fileRef = FACA75951C9B437E00411D4F /* carb.png */; };
		FACA75981C9BA25000411D4F /* handup.png in Resources */ = {isa = PBXBuildFile; fileRef = FACA75971C9BA25000411D4F /* handup.png */; };
/* End PBXBuildFile section */

/* Begin PBXContainerItemProxy section */
		FA011E651C8B3B30001812CC /* PBXContainerItemProxy */ = {
			isa = PBXContainerItemProxy;
			containerPortal = FA011E471C8B3B30001812CC /* Project object */;
			proxyType = 1;
			remoteGlobalIDString = FA011E4E1C8B3B30001812CC;
			remoteInfo = Project_3;
		};
/* End PBXContainerItemProxy section */

/* Begin PBXFileReference section */
		FA011E4F1C8B3B30001812CC /* Project_3.app */ = {isa = PBXFileReference; explicitFileType = wrapper.application; includeInIndex = 0; path = Project_3.app; sourceTree = BUILT_PRODUCTS_DIR; };
		FA011E531C8B3B30001812CC /* Info.plist */ = {isa = PBXFileReference; lastKnownFileType = text.plist.xml; path = Info.plist; sourceTree = "<group>"; };
		FA011E541C8B3B30001812CC /* AppDelegate.swift */ = {isa = PBXFileReference; lastKnownFileType = sourcecode.swift; path = AppDelegate.swift; sourceTree = "<group>"; };
		FA011E561C8B3B30001812CC /* lightBluViewController.swift */ = {isa = PBXFileReference; lastKnownFileType = sourcecode.swift; path = lightBluViewController.swift; sourceTree = "<group>"; };
		FA011E591C8B3B30001812CC /* Base */ = {isa = PBXFileReference; lastKnownFileType = file.storyboard; name = Base; path = Base.lproj/Main.storyboard; sourceTree = "<group>"; };
		FA011E5B1C8B3B30001812CC /* Images.xcassets */ = {isa = PBXFileReference; lastKnownFileType = folder.assetcatalog; path = Images.xcassets; sourceTree = "<group>"; };
		FA011E5E1C8B3B30001812CC /* Base */ = {isa = PBXFileReference; lastKnownFileType = file.xib; name = Base; path = Base.lproj/LaunchScreen.xib; sourceTree = "<group>"; };
		FA011E641C8B3B30001812CC /* Project_3Tests.xctest */ = {isa = PBXFileReference; explicitFileType = wrapper.cfbundle; includeInIndex = 0; path = Project_3Tests.xctest; sourceTree = BUILT_PRODUCTS_DIR; };
		FA011E691C8B3B30001812CC /* Info.plist */ = {isa = PBXFileReference; lastKnownFileType = text.plist.xml; path = Info.plist; sourceTree = "<group>"; };
		FA011E6A1C8B3B30001812CC /* Project_3Tests.swift */ = {isa = PBXFileReference; lastKnownFileType = sourcecode.swift; path = Project_3Tests.swift; sourceTree = "<group>"; };
		FA3293991C952AD60029CFCC /* badSound.mp3 */ = {isa = PBXFileReference; lastKnownFileType = audio.mp3; path = badSound.mp3; sourceTree = "<group>"; };
		FA32939B1C952AE30029CFCC /* goodSound.mp3 */ = {isa = PBXFileReference; lastKnownFileType = audio.mp3; path = goodSound.mp3; sourceTree = "<group>"; };
		FA32939D1C952AEE0029CFCC /* neutralOne.mp3 */ = {isa = PBXFileReference; lastKnownFileType = audio.mp3; path = neutralOne.mp3; sourceTree = "<group>"; };
		FA32939F1C952BB50029CFCC /* neurtalTwo.mp3 */ = {isa = PBXFileReference; lastKnownFileType = audio.mp3; path = neurtalTwo.mp3; sourceTree = "<group>"; };
		FA8B1E201C93DED90099073E /* handdown.png */ = {isa = PBXFileReference; lastKnownFileType = image.png; path = handdown.png; sourceTree = "<group>"; };
		FA8B1E221C93DEE80099073E /* carbs.png */ = {isa = PBXFileReference; lastKnownFileType = image.png; path = carbs.png; sourceTree = "<group>"; };
		FA8F41781C928D8A0064DBEB /* yellViewController.swift */ = {isa = PBXFileReference; fileEncoding = 4; lastKnownFileType = sourcecode.swift; path = yellViewController.swift; sourceTree = "<group>"; };
		FA8F417A1C928DED0064DBEB /* lightRedViewController.swift */ = {isa = PBXFileReference; fileEncoding = 4; lastKnownFileType = sourcecode.swift; path = lightRedViewController.swift; sourceTree = "<group>"; };
		FABA8E361C9CFA8F00B82249 /* health.png */ = {isa = PBXFileReference; lastKnownFileType = image.png; path = health.png; sourceTree = "<group>"; };
		FABA8E3E1C9D0CEE00B82249 /* carbo.png */ = {isa = PBXFileReference; lastKnownFileType = image.png; path = carbo.png; sourceTree = "<group>"; };
		FABA8E401C9D0D0700B82249 /* info.png */ = {isa = PBXFileReference; lastKnownFileType = image.png; path = info.png; sourceTree = "<group>"; };
		FAC074291C952F6B00FBFDED /* AVFoundation.framework */ = {isa = PBXFileReference; lastKnownFileType = wrapper.framework; name = AVFoundation.framework; path = System/Library/Frameworks/AVFoundation.framework; sourceTree = SDKROOT; };
		FACA75951C9B437E00411D4F /* carb.png */ = {isa = PBXFileReference; lastKnownFileType = image.png; path = carb.png; sourceTree = "<group>"; };
		FACA75971C9BA25000411D4F /* handup.png */ = {isa = PBXFileReference; lastKnownFileType = image.png; path = handup.png; sourceTree = "<group>"; };
/* End PBXFileReference section */

/* Begin PBXFrameworksBuildPhase section */
		FA011E4C1C8B3B30001812CC /* Frameworks */ = {
			isa = PBXFrameworksBuildPhase;
			buildActionMask = 2147483647;
			files = (
				FAC0742A1C952F6B00FBFDED /* AVFoundation.framework in Frameworks */,
			);
			runOnlyForDeploymentPostprocessing = 0;
		};
		FA011E611C8B3B30001812CC /* Frameworks */ = {
			isa = PBXFrameworksBuildPhase;
			buildActionMask = 2147483647;
			files = (
			);
			runOnlyForDeploymentPostprocessing = 0;
		};
/* End PBXFrameworksBuildPhase section */

/* Begin PBXGroup section */
		FA011E461C8B3B30001812CC = {
			isa = PBXGroup;
			children = (
				FAC074291C952F6B00FBFDED /* AVFoundation.framework */,
				FA011E511C8B3B30001812CC /* Project_3 */,
				FA011E671C8B3B30001812CC /* Project_3Tests */,
				FA011E501C8B3B30001812CC /* Products */,
			);
			sourceTree = "<group>";
		};
		FA011E501C8B3B30001812CC /* Products */ = {
			isa = PBXGroup;
			children = (
				FA011E4F1C8B3B30001812CC /* Project_3.app */,
				FA011E641C8B3B30001812CC /* Project_3Tests.xctest */,
			);
			name = Products;
			sourceTree = "<group>";
		};
		FA011E511C8B3B30001812CC /* Project_3 */ = {
			isa = PBXGroup;
			children = (
				FA011E541C8B3B30001812CC /* AppDelegate.swift */,
				FA011E581C8B3B30001812CC /* Main.storyboard */,
				FA011E561C8B3B30001812CC /* lightBluViewController.swift */,
				FA8F417A1C928DED0064DBEB /* lightRedViewController.swift */,
				FA8F41781C928D8A0064DBEB /* yellViewController.swift */,
				FA011E5B1C8B3B30001812CC /* Images.xcassets */,
				FA011E5D1C8B3B30001812CC /* LaunchScreen.xib */,
				FA011E521C8B3B30001812CC /* Supporting Files */,
			);
			path = Project_3;
			sourceTree = "<group>";
		};
		FA011E521C8B3B30001812CC /* Supporting Files */ = {
			isa = PBXGroup;
			children = (
				FACA75971C9BA25000411D4F /* handup.png */,
				FACA75951C9B437E00411D4F /* carb.png */,
				FABA8E3E1C9D0CEE00B82249 /* carbo.png */,
				FA3293991C952AD60029CFCC /* badSound.mp3 */,
				FABA8E401C9D0D0700B82249 /* info.png */,
				FA32939B1C952AE30029CFCC /* goodSound.mp3 */,
				FA32939D1C952AEE0029CFCC /* neutralOne.mp3 */,
				FA32939F1C952BB50029CFCC /* neurtalTwo.mp3 */,
				FA8B1E221C93DEE80099073E /* carbs.png */,
				FABA8E361C9CFA8F00B82249 /* health.png */,
				FA8B1E201C93DED90099073E /* handdown.png */,
				FA011E531C8B3B30001812CC /* Info.plist */,
			);
			name = "Supporting Files";
			sourceTree = "<group>";
		};
		FA011E671C8B3B30001812CC /* Project_3Tests */ = {
			isa = PBXGroup;
			children = (
				FA011E6A1C8B3B30001812CC /* Project_3Tests.swift */,
				FA011E681C8B3B30001812CC /* Supporting Files */,
			);
			path = Project_3Tests;
			sourceTree = "<group>";
		};
		FA011E681C8B3B30001812CC /* Supporting Files */ = {
			isa = PBXGroup;
			children = (
				FA011E691C8B3B30001812CC /* Info.plist */,
			);
			name = "Supporting Files";
			sourceTree = "<group>";
		};
/* End PBXGroup section */

/* Begin PBXNativeTarget section */
		FA011E4E1C8B3B30001812CC /* Project_3 */ = {
			isa = PBXNativeTarget;
			buildConfigurationList = FA011E6E1C8B3B30001812CC /* Build configuration list for PBXNativeTarget "Project_3" */;
			buildPhases = (
				FA011E4B1C8B3B30001812CC /* Sources */,
				FA011E4C1C8B3B30001812CC /* Frameworks */,
				FA011E4D1C8B3B30001812CC /* Resources */,
			);
			buildRules = (
			);
			dependencies = (
			);
			name = Project_3;
			productName = Project_3;
			productReference = FA011E4F1C8B3B30001812CC /* Project_3.app */;
			productType = "com.apple.product-type.application";
		};
		FA011E631C8B3B30001812CC /* Project_3Tests */ = {
			isa = PBXNativeTarget;
			buildConfigurationList = FA011E711C8B3B30001812CC /* Build configuration list for PBXNativeTarget "Project_3Tests" */;
			buildPhases = (
				FA011E601C8B3B30001812CC /* Sources */,
				FA011E611C8B3B30001812CC /* Frameworks */,
				FA011E621C8B3B30001812CC /* Resources */,
			);
			buildRules = (
			);
			dependencies = (
				FA011E661C8B3B30001812CC /* PBXTargetDependency */,
			);
			name = Project_3Tests;
			productName = Project_3Tests;
			productReference = FA011E641C8B3B30001812CC /* Project_3Tests.xctest */;
			productType = "com.apple.product-type.bundle.unit-test";
		};
/* End PBXNativeTarget section */

/* Begin PBXProject section */
		FA011E471C8B3B30001812CC /* Project object */ = {
			isa = PBXProject;
			attributes = {
				LastUpgradeCheck = 0620;
				ORGANIZATIONNAME = Faras;
				TargetAttributes = {
					FA011E4E1C8B3B30001812CC = {
						CreatedOnToolsVersion = 6.2;
					};
					FA011E631C8B3B30001812CC = {
						CreatedOnToolsVersion = 6.2;
						TestTargetID = FA011E4E1C8B3B30001812CC;
					};
				};
			};
			buildConfigurationList = FA011E4A1C8B3B30001812CC /* Build configuration list for PBXProject "Project_3" */;
			compatibilityVersion = "Xcode 3.2";
			developmentRegion = English;
			hasScannedForEncodings = 0;
			knownRegions = (
				en,
				Base,
			);
			mainGroup = FA011E461C8B3B30001812CC;
			productRefGroup = FA011E501C8B3B30001812CC /* Products */;
			projectDirPath = "";
			projectRoot = "";
			targets = (
				FA011E4E1C8B3B30001812CC /* Project_3 */,
				FA011E631C8B3B30001812CC /* Project_3Tests */,
			);
		};
/* End PBXProject section */

/* Begin PBXResourcesBuildPhase section */
		FA011E4D1C8B3B30001812CC /* Resources */ = {
			isa = PBXResourcesBuildPhase;
			buildActionMask = 2147483647;
			files = (
				FA011E5A1C8B3B30001812CC /* Main.storyboard in Resources */,
				FABA8E411C9D0D0700B82249 /* info.png in Resources */,
				FA8B1E231C93DEE80099073E /* carbs.png in Resources */,
				FA3293A01C952BB50029CFCC /* neurtalTwo.mp3 in Resources */,
				FA011E5F1C8B3B30001812CC /* LaunchScreen.xib in Resources */,
				FA011E5C1C8B3B30001812CC /* Images.xcassets in Resources */,
				FA8B1E211C93DED90099073E /* handdown.png in Resources */,
				FACA75961C9B437E00411D4F /* carb.png in Resources */,
				FABA8E371C9CFA8F00B82249 /* health.png in Resources */,
				FA32939A1C952AD60029CFCC /* badSound.mp3 in Resources */,
				FACA75981C9BA25000411D4F /* handup.png in Resources */,
				FA32939E1C952AEE0029CFCC /* neutralOne.mp3 in Resources */,
				FA32939C1C952AE30029CFCC /* goodSound.mp3 in Resources */,
				FABA8E3F1C9D0CEE00B82249 /* carbo.png in Resources */,
			);
			runOnlyForDeploymentPostprocessing = 0;
		};
		FA011E621C8B3B30001812CC /* Resources */ = {
			isa = PBXResourcesBuildPhase;
			buildActionMask = 2147483647;
			files = (
			);
			runOnlyForDeploymentPostprocessing = 0;
		};
/* End PBXResourcesBuildPhase section */

/* Begin PBXSourcesBuildPhase section */
		FA011E4B1C8B3B30001812CC /* Sources */ = {
			isa = PBXSourcesBuildPhase;
			buildActionMask = 2147483647;
			files = (
				FA8F41791C928D8A0064DBEB /* yellViewController.swift in Sources */,
				FA8F417B1C928DED0064DBEB /* lightRedViewController.swift in Sources */,
				FA011E571C8B3B30001812CC /* lightBluViewController.swift in Sources */,
				FA011E551C8B3B30001812CC /* AppDelegate.swift in Sources */,
			);
			runOnlyForDeploymentPostprocessing = 0;
		};
		FA011E601C8B3B30001812CC /* Sources */ = {
			isa = PBXSourcesBuildPhase;
			buildActionMask = 2147483647;
			files = (
				FA011E6B1C8B3B30001812CC /* Project_3Tests.swift in Sources */,
			);
			runOnlyForDeploymentPostprocessing = 0;
		};
/* End PBXSourcesBuildPhase section */

/* Begin PBXTargetDependency section */
		FA011E661C8B3B30001812CC /* PBXTargetDependency */ = {
			isa = PBXTargetDependency;
			target = FA011E4E1C8B3B30001812CC /* Project_3 */;
			targetProxy = FA011E651C8B3B30001812CC /* PBXContainerItemProxy */;
		};
/* End PBXTargetDependency section */

/* Begin PBXVariantGroup section */
		FA011E581C8B3B30001812CC /* Main.storyboard */ = {
			isa = PBXVariantGroup;
			children = (
				FA011E591C8B3B30001812CC /* Base */,
			);
			name = Main.storyboard;
			sourceTree = "<group>";
		};
		FA011E5D1C8B3B30001812CC /* LaunchScreen.xib */ = {
			isa = PBXVariantGroup;
			children = (
				FA011E5E1C8B3B30001812CC /* Base */,
			);
			name = LaunchScreen.xib;
			sourceTree = "<group>";
		};
/* End PBXVariantGroup section */

/* Begin XCBuildConfiguration section */
		FA011E6C1C8B3B30001812CC /* Debug */ = {
			isa = XCBuildConfiguration;
			buildSettings = {
				ALWAYS_SEARCH_USER_PATHS = NO;
				CLANG_CXX_LANGUAGE_STANDARD = "gnu++0x";
				CLANG_CXX_LIBRARY = "libc++";
				CLANG_ENABLE_MODULES = YES;
				CLANG_ENABLE_OBJC_ARC = YES;
				CLANG_WARN_BOOL_CONVERSION = YES;
				CLANG_WARN_CONSTANT_CONVERSION = YES;
				CLANG_WARN_DIRECT_OBJC_ISA_USAGE = YES_ERROR;
				CLANG_WARN_EMPTY_BODY = YES;
				CLANG_WARN_ENUM_CONVERSION = YES;
				CLANG_WARN_INT_CONVERSION = YES;
				CLANG_WARN_OBJC_ROOT_CLASS = YES_ERROR;
				CLANG_WARN_UNREACHABLE_CODE = YES;
				CLANG_WARN__DUPLICATE_METHOD_MATCH = YES;
				"CODE_SIGN_IDENTITY[sdk=iphoneos*]" = "iPhone Developer";
				COPY_PHASE_STRIP = NO;
				ENABLE_STRICT_OBJC_MSGSEND = YES;
				GCC_C_LANGUAGE_STANDARD = gnu99;
				GCC_DYNAMIC_NO_PIC = NO;
				GCC_OPTIMIZATION_LEVEL = 0;
				GCC_PREPROCESSOR_DEFINITIONS = (
					"DEBUG=1",
					"$(inherited)",
				);
				GCC_SYMBOLS_PRIVATE_EXTERN = NO;
				GCC_WARN_64_TO_32_BIT_CONVERSION = YES;
				GCC_WARN_ABOUT_RETURN_TYPE = YES_ERROR;
				GCC_WARN_UNDECLARED_SELECTOR = YES;
				GCC_WARN_UNINITIALIZED_AUTOS = YES_AGGRESSIVE;
				GCC_WARN_UNUSED_FUNCTION = YES;
				GCC_WARN_UNUSED_VARIABLE = YES;
				IPHONEOS_DEPLOYMENT_TARGET = 8.2;
				MTL_ENABLE_DEBUG_INFO = YES;
				ONLY_ACTIVE_ARCH = YES;
				SDKROOT = iphoneos;
				SWIFT_OPTIMIZATION_LEVEL = "-Onone";
				TARGETED_DEVICE_FAMILY = "1,2";
			};
			name = Debug;
		};
		FA011E6D1C8B3B30001812CC /* Release */ = {
			isa = XCBuildConfiguration;
			buildSettings = {
				ALWAYS_SEARCH_USER_PATHS = NO;
				CLANG_CXX_LANGUAGE_STANDARD = "gnu++0x";
				CLANG_CXX_LIBRARY = "libc++";
				CLANG_ENABLE_MODULES = YES;
				CLANG_ENABLE_OBJC_ARC = YES;
				CLANG_WARN_BOOL_CONVERSION = YES;
				CLANG_WARN_CONSTANT_CONVERSION = YES;
				CLANG_WARN_DIRECT_OBJC_ISA_USAGE = YES_ERROR;
				CLANG_WARN_EMPTY_BODY = YES;
				CLANG_WARN_ENUM_CONVERSION = YES;
				CLANG_WARN_INT_CONVERSION = YES;
				CLANG_WARN_OBJC_ROOT_CLASS = YES_ERROR;
				CLANG_WARN_UNREACHABLE_CODE = YES;
				CLANG_WARN__DUPLICATE_METHOD_MATCH = YES;
				"CODE_SIGN_IDENTITY[sdk=iphoneos*]" = "iPhone Developer";
				COPY_PHASE_STRIP = NO;
				ENABLE_NS_ASSERTIONS = NO;
				ENABLE_STRICT_OBJC_MSGSEND = YES;
				GCC_C_LANGUAGE_STANDARD = gnu99;
				GCC_WARN_64_TO_32_BIT_CONVERSION = YES;
				GCC_WARN_ABOUT_RETURN_TYPE = YES_ERROR;
				GCC_WARN_UNDECLARED_SELECTOR = YES;
				GCC_WARN_UNINITIALIZED_AUTOS = YES_AGGRESSIVE;
				GCC_WARN_UNUSED_FUNCTION = YES;
				GCC_WARN_UNUSED_VARIABLE = YES;
				IPHONEOS_DEPLOYMENT_TARGET = 8.2;
				MTL_ENABLE_DEBUG_INFO = NO;
				SDKROOT = iphoneos;
				TARGETED_DEVICE_FAMILY = "1,2";
				VALIDATE_PRODUCT = YES;
			};
			name = Release;
		};
		FA011E6F1C8B3B30001812CC /* Debug */ = {
			isa = XCBuildConfiguration;
			buildSettings = {
				ASSETCATALOG_COMPILER_APPICON_NAME = AppIcon;
				INFOPLIST_FILE = Project_3/Info.plist;
				LD_RUNPATH_SEARCH_PATHS = "$(inherited) @executable_path/Frameworks";
				PRODUCT_NAME = "$(TARGET_NAME)";
				TARGETED_DEVICE_FAMILY = "1,2";
			};
			name = Debug;
		};
		FA011E701C8B3B30001812CC /* Release */ = {
			isa = XCBuildConfiguration;
			buildSettings = {
				ASSETCATALOG_COMPILER_APPICON_NAME = AppIcon;
				INFOPLIST_FILE = Project_3/Info.plist;
				LD_RUNPATH_SEARCH_PATHS = "$(inherited) @executable_path/Frameworks";
				PRODUCT_NAME = "$(TARGET_NAME)";
				TARGETED_DEVICE_FAMILY = "1,2";
			};
			name = Release;
		};
		FA011E721C8B3B30001812CC /* Debug */ = {
			isa = XCBuildConfiguration;
			buildSettings = {
				BUNDLE_LOADER = "$(TEST_HOST)";
				FRAMEWORK_SEARCH_PATHS = (
					"$(SDKROOT)/Developer/Library/Frameworks",
					"$(inherited)",
				);
				GCC_PREPROCESSOR_DEFINITIONS = (
					"DEBUG=1",
					"$(inherited)",
				);
				INFOPLIST_FILE = Project_3Tests/Info.plist;
				LD_RUNPATH_SEARCH_PATHS = "$(inherited) @executable_path/Frameworks @loader_path/Frameworks";
				PRODUCT_NAME = "$(TARGET_NAME)";
				TEST_HOST = "$(BUILT_PRODUCTS_DIR)/Project_3.app/Project_3";
			};
			name = Debug;
		};
		FA011E731C8B3B30001812CC /* Release */ = {
			isa = XCBuildConfiguration;
			buildSettings = {
				BUNDLE_LOADER = "$(TEST_HOST)";
				FRAMEWORK_SEARCH_PATHS = (
					"$(SDKROOT)/Developer/Library/Frameworks",
					"$(inherited)",
				);
				INFOPLIST_FILE = Project_3Tests/Info.plist;
				LD_RUNPATH_SEARCH_PATHS = "$(inherited) @executable_path/Frameworks @loader_path/Frameworks";
				PRODUCT_NAME = "$(TARGET_NAME)";
				TEST_HOST = "$(BUILT_PRODUCTS_DIR)/Project_3.app/Project_3";
			};
			name = Release;
		};
/* End XCBuildConfiguration section */

/* Begin XCConfigurationList section */
		FA011E4A1C8B3B30001812CC /* Build configuration list for PBXProject "Project_3" */ = {
			isa = XCConfigurationList;
			buildConfigurations = (
				FA011E6C1C8B3B30001812CC /* Debug */,
				FA011E6D1C8B3B30001812CC /* Release */,
			);
			defaultConfigurationIsVisible = 0;
			defaultConfigurationName = Release;
		};
		FA011E6E1C8B3B30001812CC /* Build configuration list for PBXNativeTarget "Project_3" */ = {
			isa = XCConfigurationList;
			buildConfigurations = (
				FA011E6F1C8B3B30001812CC /* Debug */,
				FA011E701C8B3B30001812CC /* Release */,
			);
			defaultConfigurationIsVisible = 0;
			defaultConfigurationName = Release;
		};
		FA011E711C8B3B30001812CC /* Build configuration list for PBXNativeTarget "Project_3Tests" */ = {
			isa = XCConfigurationList;
			buildConfigurations = (
				FA011E721C8B3B30001812CC /* Debug */,
				FA011E731C8B3B30001812CC /* Release */,
			);
			defaultConfigurationIsVisible = 0;
			defaultConfigurationName = Release;
		};
/* End XCConfigurationList section */
	};
	rootObject = FA011E471C8B3B30001812CC /* Project object */;
}
